
Microsoft Visual Studio Solution File, Format Version 12.00
# Visual Studio Version 17
VisualStudioVersion = 17.9.34728.123
MinimumVisualStudioVersion = 10.0.40219.1
Project("{FAE04EC0-301F-11D3-BF4B-00C04F79EFBC}") = "CourseManagement", "CourseManagement\CourseManagement.csproj", "{D3A5D8E7-95FD-41CD-81E2-860EFC51422F}"
EndProject
Project("{FAE04EC0-301F-11D3-BF4B-00C04F79EFBC}") = "CourseManagement.Sql", "CourseManagement.Sql\CourseManagement.Sql.csproj", "{8F619FDC-19A7-4DC4-8DE9-CE4BCF5FB879}"
EndProject
Project("{FAE04EC0-301F-11D3-BF4B-00C04F79EFBC}") = "CourseManagement.Domain", "CourseManagement.Domain\CourseManagement.Domain.csproj", "{3F488DA2-3E76-45E9-BC2F-517E25840A1C}"
EndProject
Global
	GlobalSection(SolutionConfigurationPlatforms) = preSolution
		Debug|Any CPU = Debug|Any CPU
		Release|Any CPU = Release|Any CPU
	EndGlobalSection
	GlobalSection(ProjectConfigurationPlatforms) = postSolution
		{D3A5D8E7-95FD-41CD-81E2-860EFC51422F}.Debug|Any CPU.ActiveCfg = Debug|Any CPU
		{D3A5D8E7-95FD-41CD-81E2-860EFC51422F}.Debug|Any CPU.Build.0 = Debug|Any CPU
		{D3A5D8E7-95FD-41CD-81E2-860EFC51422F}.Release|Any CPU.ActiveCfg = Release|Any CPU
		{D3A5D8E7-95FD-41CD-81E2-860EFC51422F}.Release|Any CPU.Build.0 = Release|Any CPU
		{8F619FDC-19A7-4DC4-8DE9-CE4BCF5FB879}.Debug|Any CPU.ActiveCfg = Debug|Any CPU
		{8F619FDC-19A7-4DC4-8DE9-CE4BCF5FB879}.Debug|Any CPU.Build.0 = Debug|Any CPU
		{8F619FDC-19A7-4DC4-8DE9-CE4BCF5FB879}.Release|Any CPU.ActiveCfg = Release|Any CPU
		{8F619FDC-19A7-4DC4-8DE9-CE4BCF5FB879}.Release|Any CPU.Build.0 = Release|Any CPU
		{3F488DA2-3E76-45E9-BC2F-517E25840A1C}.Debug|Any CPU.ActiveCfg = Debug|Any CPU
		{3F488DA2-3E76-45E9-BC2F-517E25840A1C}.Debug|Any CPU.Build.0 = Debug|Any CPU
		{3F488DA2-3E76-45E9-BC2F-517E25840A1C}.Release|Any CPU.ActiveCfg = Release|Any CPU
		{3F488DA2-3E76-45E9-BC2F-517E25840A1C}.Release|Any CPU.Build.0 = Release|Any CPU
	EndGlobalSection
	GlobalSection(SolutionProperties) = preSolution
		HideSolutionNode = FALSE
	EndGlobalSection
	GlobalSection(ExtensibilityGlobals) = postSolution
		SolutionGuid = {FBC6CC50-0900-4B0A-9F5B-33128FE824BD}
	EndGlobalSection
EndGlobal
